
Microsoft Visual Studio Solution File, Format Version 12.00
# Visual Studio Version 17
VisualStudioVersion = 17.0.31912.275
MinimumVisualStudioVersion = 10.0.40219.1
Project("{FAE04EC0-301F-11D3-BF4B-00C04F79EFBC}") = "ConsoleApp2", "ConsoleApp2.csproj", "{5795C753-5D4B-4F93-BA79-A75EDE04E0C0}"
EndProject
Global
	GlobalSection(SolutionConfigurationPlatforms) = preSolution
		Debug|Any CPU = Debug|Any CPU
		Release|Any CPU = Release|Any CPU
	EndGlobalSection
	GlobalSection(ProjectConfigurationPlatforms) = postSolution
		{5795C753-5D4B-4F93-BA79-A75EDE04E0C0}.Debug|Any CPU.ActiveCfg = Debug|Any CPU
		{5795C753-5D4B-4F93-BA79-A75EDE04E0C0}.Debug|Any CPU.Build.0 = Debug|Any CPU
		{5795C753-5D4B-4F93-BA79-A75EDE04E0C0}.Release|Any CPU.ActiveCfg = Release|Any CPU
		{5795C753-5D4B-4F93-BA79-A75EDE04E0C0}.Release|Any CPU.Build.0 = Release|Any CPU
	EndGlobalSection
	GlobalSection(SolutionProperties) = preSolution
		HideSolutionNode = FALSE
	EndGlobalSection
	GlobalSection(ExtensibilityGlobals) = postSolution
		SolutionGuid = {C960A1C2-F602-49A8-A14C-FB0C35683432}
	EndGlobalSection
EndGlobal
